
Microsoft Visual Studio Solution File, Format Version 12.00
# Visual Studio Version 16
VisualStudioVersion = 16.0.28803.452
MinimumVisualStudioVersion = 10.0.40219.1
Project("{888888A0-9F3D-457C-B088-3A5042F75D52}") = "wifi_password", "wifi_password\wifi_password.pyproj", "{199E9EB9-1B19-4840-9040-AB642BC216D6}"
EndProject
Global
	GlobalSection(SolutionConfigurationPlatforms) = preSolution
		Debug|Any CPU = Debug|Any CPU
		Release|Any CPU = Release|Any CPU
	EndGlobalSection
	GlobalSection(ProjectConfigurationPlatforms) = postSolution
		{199E9EB9-1B19-4840-9040-AB642BC216D6}.Debug|Any CPU.ActiveCfg = Debug|Any CPU
		{199E9EB9-1B19-4840-9040-AB642BC216D6}.Release|Any CPU.ActiveCfg = Release|Any CPU
	EndGlobalSection
	GlobalSection(SolutionProperties) = preSolution
		HideSolutionNode = FALSE
	EndGlobalSection
	GlobalSection(ExtensibilityGlobals) = postSolution
		SolutionGuid = {72262EFE-A7B6-446D-9D63-8ECEF07FFDE4}
	EndGlobalSection
EndGlobal
